
Microsoft Visual Studio Solution File, Format Version 12.00
# Visual Studio Version 16
VisualStudioVersion = 16.0.29001.49
MinimumVisualStudioVersion = 10.0.40219.1
Project("{FAE04EC0-301F-11D3-BF4B-00C04F79EFBC}") = "TestWebApi", "TestWebApi.csproj", "{51711703-D179-4346-90A2-B1B839F23A03}"
EndProject
Global
	GlobalSection(SolutionConfigurationPlatforms) = preSolution
		Debug|Any CPU = Debug|Any CPU
		Release|Any CPU = Release|Any CPU
	EndGlobalSection
	GlobalSection(ProjectConfigurationPlatforms) = postSolution
		{51711703-D179-4346-90A2-B1B839F23A03}.Debug|Any CPU.ActiveCfg = Debug|Any CPU
		{51711703-D179-4346-90A2-B1B839F23A03}.Debug|Any CPU.Build.0 = Debug|Any CPU
		{51711703-D179-4346-90A2-B1B839F23A03}.Release|Any CPU.ActiveCfg = Release|Any CPU
		{51711703-D179-4346-90A2-B1B839F23A03}.Release|Any CPU.Build.0 = Release|Any CPU
	EndGlobalSection
	GlobalSection(SolutionProperties) = preSolution
		HideSolutionNode = FALSE
	EndGlobalSection
	GlobalSection(ExtensibilityGlobals) = postSolution
		SolutionGuid = {A43957FA-1BC0-4FED-BEEA-AA410D155D1E}
	EndGlobalSection
EndGlobal
